# This file is autogenerated, do not edit; changes may be undone by the next 'dep ensure'.


[[projects]]
  digest = "1:e988ed0ca0d81f4d28772760c02ee95084961311291bdfefc1b04617c178b722"
  name = "github.com/fatih/color"
  packages = ["."]
  pruneopts = ""
  revision = "5b77d2a35fb0ede96d138fc9a99f5c9b6aef11b4"
  version = "v1.7.0"

[[projects]]
  branch = "master"
  digest = "1:923a8d648a9b95dcfe444204d4f2b2df2ec7f2fa48fb4a705ffef7c5d3541211"
  name = "github.com/golang/lint"
  packages = ["golint"]
  pruneopts = ""
  revision = "06c8688daad7faa9da5a0c2f163a3d14aac986ca"

[[projects]]
  digest = "1:765270f95ea68ad2150f6143eb8b9c0c17b038a7e2255b46580674471af00e27"
  name = "github.com/kisielk/gotool"
  packages = [
    ".",
    "internal/load",
  ]
  pruneopts = ""
  revision = "80517062f582ea3340cd4baf70e86d539ae7d84d"
  version = "v1.0.0"

[[projects]]
  digest = "1:9ea83adf8e96d6304f394d40436f2eb44c1dc3250d223b74088cc253a6cd0a1c"
  name = "github.com/mattn/go-colorable"
  packages = ["."]
  pruneopts = ""
  revision = "167de6bfdfba052fa6b2d3664c8f5272e23c9072"
  version = "v0.0.9"

[[projects]]
  digest = "1:3140e04675a6a91d2a20ea9d10bdadf6072085502e6def6768361260aee4b967"
  name = "github.com/mattn/go-isatty"
  packages = ["."]
  pruneopts = ""
  revision = "6ca4dbf54d38eea1a992b3c722a76a5d1c4cb25c"
  version = "v0.0.4"

[[projects]]
  branch = "master"
  digest = "1:dd9da7b6c20418ed46d920139da7949ffcca4c9418f6d7da77449354364e4ae3"
  name = "github.com/tcnksm/go-holidayjp"
  packages = [
    ".",
    "asset",
  ]
  pruneopts = ""
  revision = "1d8715d56f21c725fa31d0fbeaef171c757c14e0"

[[projects]]
  branch = "master"
  digest = "1:7472dd63c3d95542d867da78adcee5fa886190485d204b5320eecb8f9fb40373"
  name = "github.com/y-yagi/goext"
  packages = ["timeext"]
  pruneopts = ""
  revision = "fd0b1e87eb0981c2c24c15b6013e33ec203d8281"

[[projects]]
  branch = "master"
  digest = "1:923a8d648a9b95dcfe444204d4f2b2df2ec7f2fa48fb4a705ffef7c5d3541211"
  name = "golang.org/x/lint"
  packages = ["."]
  pruneopts = ""
  revision = "06c8688daad7faa9da5a0c2f163a3d14aac986ca"

[[projects]]
  branch = "master"
  digest = "1:85fab7aaca4239017b02462635379f0b2203ab47961216c8e64b5fb48601ab4f"
  name = "golang.org/x/sys"
  packages = ["unix"]
  pruneopts = ""
  revision = "fa5fdf94c78965f1aa8423f0cc50b8b8d728b05a"

[[projects]]
  branch = "master"
  digest = "1:1f1708d4c68aa8bbf117ce8d1f33cd6028fefb70e5d68aafa6b4a1a503ea5774"
  name = "golang.org/x/tools"
  packages = [
    "go/ast/astutil",
    "go/buildutil",
    "go/gcexportdata",
    "go/internal/cgo",
    "go/internal/gcimporter",
    "go/loader",
    "go/types/typeutil",
  ]
  pruneopts = ""
  revision = "7ca132754999accbaa5c1735eda29e7ce0f3bf03"

[[projects]]
  digest = "1:f0620375dd1f6251d9973b5f2596228cc8042e887cd7f827e4220bc1ce8c30e2"
  name = "gopkg.in/yaml.v2"
  packages = ["."]
  pruneopts = ""
  revision = "5420a8b6744d3b0345ab293f6fcba19c978f1183"
  version = "v2.2.1"

[[projects]]
  digest = "1:8735ec8c19cf427368d9d9d419d268ecc95ba8b0db9594d50d566803bd59f341"
  name = "honnef.co/go/tools"
  packages = [
    "callgraph",
    "callgraph/static",
    "cmd/megacheck",
    "deprecated",
    "functions",
    "internal/sharedcheck",
    "lint",
    "lint/lintutil",
    "simple",
    "ssa",
    "ssa/ssautil",
    "staticcheck",
    "staticcheck/vrp",
    "unused",
    "version",
  ]
  pruneopts = ""
  revision = "d73ab98e7c39fdcf9ba65062e43d34310f198353"
  version = "2017.2.2"

[solve-meta]
  analyzer-name = "dep"
  analyzer-version = 1
  input-imports = [
    "github.com/fatih/color",
    "github.com/golang/lint/golint",
    "github.com/tcnksm/go-holidayjp",
    "github.com/y-yagi/goext/timeext",
    "honnef.co/go/tools/cmd/megacheck",
  ]
  solver-name = "gps-cdcl"
  solver-version = 1
